
Microsoft Visual Studio Solution File, Format Version 12.00
# Visual Studio Version 17
VisualStudioVersion = 17.8.34330.188
MinimumVisualStudioVersion = 10.0.40219.1
Project("{FAE04EC0-301F-11D3-BF4B-00C04F79EFBC}") = "Lab6", "Lab6\Lab6.csproj", "{71632AE3-BFF0-45CC-BE46-883AE69C11FA}"
EndProject
Global
	GlobalSection(SolutionConfigurationPlatforms) = preSolution
		Debug|Any CPU = Debug|Any CPU
		Release|Any CPU = Release|Any CPU
	EndGlobalSection
	GlobalSection(ProjectConfigurationPlatforms) = postSolution
		{71632AE3-BFF0-45CC-BE46-883AE69C11FA}.Debug|Any CPU.ActiveCfg = Debug|Any CPU
		{71632AE3-BFF0-45CC-BE46-883AE69C11FA}.Debug|Any CPU.Build.0 = Debug|Any CPU
		{71632AE3-BFF0-45CC-BE46-883AE69C11FA}.Release|Any CPU.ActiveCfg = Release|Any CPU
		{71632AE3-BFF0-45CC-BE46-883AE69C11FA}.Release|Any CPU.Build.0 = Release|Any CPU
	EndGlobalSection
	GlobalSection(SolutionProperties) = preSolution
		HideSolutionNode = FALSE
	EndGlobalSection
	GlobalSection(ExtensibilityGlobals) = postSolution
		SolutionGuid = {9EF43AA2-570D-4208-9E8A-2A40BFAEDBF5}
	EndGlobalSection
EndGlobal
